// !$*UTF8*$!
{
	archiveVersion = 1;
	classes = {
	};
	objectVersion = 50;
	objects = {

/* Begin PBXBuildFile section */
		5439572C9AEFA48A2AA9129F /* Pods_100DaysofCode.framework in Frameworks */ = {isa = PBXBuildFile; fileRef = 3015E71C234B04FCBD824797 /* Pods_100DaysofCode.framework */; };
		F479FE0B21F65153007A1E95 /* AppDelegate.swift in Sources */ = {isa = PBXBuildFile; fileRef = F479FE0A21F65153007A1E95 /* AppDelegate.swift */; };
		F479FE0D21F65153007A1E95 /* LoginViewController.swift in Sources */ = {isa = PBXBuildFile; fileRef = F479FE0C21F65153007A1E95 /* LoginViewController.swift */; };
		F479FE1021F65153007A1E95 /* Main.storyboard in Resources */ = {isa = PBXBuildFile; fileRef = F479FE0E21F65153007A1E95 /* Main.storyboard */; };
		F479FE1221F65155007A1E95 /* Assets.xcassets in Resources */ = {isa = PBXBuildFile; fileRef = F479FE1121F65155007A1E95 /* Assets.xcassets */; };
		F479FE1521F65155007A1E95 /* LaunchScreen.storyboard in Resources */ = {isa = PBXBuildFile; fileRef = F479FE1321F65155007A1E95 /* LaunchScreen.storyboard */; };
		F479FE2021F6D275007A1E95 /* NetworkingProvider.swift in Sources */ = {isa = PBXBuildFile; fileRef = F479FE1F21F6D275007A1E95 /* NetworkingProvider.swift */; };
		F479FE2221F6D47B007A1E95 /* HomeViewController.swift in Sources */ = {isa = PBXBuildFile; fileRef = F479FE2121F6D47B007A1E95 /* HomeViewController.swift */; };
		F479FE2421F6D48C007A1E95 /* SettingsViewController.swift in Sources */ = {isa = PBXBuildFile; fileRef = F479FE2321F6D48C007A1E95 /* SettingsViewController.swift */; };
		F479FE2821F6E83F007A1E95 /* LoginConfirmationViewController.swift in Sources */ = {isa = PBXBuildFile; fileRef = F479FE2721F6E83F007A1E95 /* LoginConfirmationViewController.swift */; };
		F499A54D21F79F100020F53D /* Podfile in Resources */ = {isa = PBXBuildFile; fileRef = F499A54C21F79F100020F53D /* Podfile */; };
/* End PBXBuildFile section */

/* Begin PBXFileReference section */
		3015E71C234B04FCBD824797 /* Pods_100DaysofCode.framework */ = {isa = PBXFileReference; explicitFileType = wrapper.framework; includeInIndex = 0; path = Pods_100DaysofCode.framework; sourceTree = BUILT_PRODUCTS_DIR; };
		895474FB6517F2F080E726AC /* Pods-100DaysofCode.release.xcconfig */ = {isa = PBXFileReference; includeInIndex = 1; lastKnownFileType = text.xcconfig; name = "Pods-100DaysofCode.release.xcconfig"; path = "Pods/Target Support Files/Pods-100DaysofCode/Pods-100DaysofCode.release.xcconfig"; sourceTree = "<group>"; };
		BA2624BCBE7F5007D9A88663 /* Pods-100DaysofCode.debug.xcconfig */ = {isa = PBXFileReference; includeInIndex = 1; lastKnownFileType = text.xcconfig; name = "Pods-100DaysofCode.debug.xcconfig"; path = "Pods/Target Support Files/Pods-100DaysofCode/Pods-100DaysofCode.debug.xcconfig"; sourceTree = "<group>"; };
		F479FE0721F65153007A1E95 /* 100DaysofCode.app */ = {isa = PBXFileReference; explicitFileType = wrapper.application; includeInIndex = 0; path = 100DaysofCode.app; sourceTree = BUILT_PRODUCTS_DIR; };
		F479FE0A21F65153007A1E95 /* AppDelegate.swift */ = {isa = PBXFileReference; lastKnownFileType = sourcecode.swift; path = AppDelegate.swift; sourceTree = "<group>"; };
		F479FE0C21F65153007A1E95 /* LoginViewController.swift */ = {isa = PBXFileReference; lastKnownFileType = sourcecode.swift; path = LoginViewController.swift; sourceTree = "<group>"; };
		F479FE0F21F65153007A1E95 /* Base */ = {isa = PBXFileReference; lastKnownFileType = file.storyboard; name = Base; path = Base.lproj/Main.storyboard; sourceTree = "<group>"; };
		F479FE1121F65155007A1E95 /* Assets.xcassets */ = {isa = PBXFileReference; lastKnownFileType = folder.assetcatalog; path = Assets.xcassets; sourceTree = "<group>"; };
		F479FE1421F65155007A1E95 /* Base */ = {isa = PBXFileReference; lastKnownFileType = file.storyboard; name = Base; path = Base.lproj/LaunchScreen.storyboard; sourceTree = "<group>"; };
		F479FE1621F65155007A1E95 /* Info.plist */ = {isa = PBXFileReference; lastKnownFileType = text.plist.xml; path = Info.plist; sourceTree = "<group>"; };
		F479FE1F21F6D275007A1E95 /* NetworkingProvider.swift */ = {isa = PBXFileReference; lastKnownFileType = sourcecode.swift; path = NetworkingProvider.swift; sourceTree = "<group>"; };
		F479FE2121F6D47B007A1E95 /* HomeViewController.swift */ = {isa = PBXFileReference; lastKnownFileType = sourcecode.swift; path = HomeViewController.swift; sourceTree = "<group>"; };
		F479FE2321F6D48C007A1E95 /* SettingsViewController.swift */ = {isa = PBXFileReference; lastKnownFileType = sourcecode.swift; path = SettingsViewController.swift; sourceTree = "<group>"; };
		F479FE2721F6E83F007A1E95 /* LoginConfirmationViewController.swift */ = {isa = PBXFileReference; lastKnownFileType = sourcecode.swift; path = LoginConfirmationViewController.swift; sourceTree = "<group>"; };
		F499A54C21F79F100020F53D /* Podfile */ = {isa = PBXFileReference; fileEncoding = 4; lastKnownFileType = text; path = Podfile; sourceTree = SOURCE_ROOT; };
/* End PBXFileReference section */

/* Begin PBXFrameworksBuildPhase section */
		F479FE0421F65153007A1E95 /* Frameworks */ = {
			isa = PBXFrameworksBuildPhase;
			buildActionMask = 2147483647;
			files = (
				5439572C9AEFA48A2AA9129F /* Pods_100DaysofCode.framework in Frameworks */,
			);
			runOnlyForDeploymentPostprocessing = 0;
		};
/* End PBXFrameworksBuildPhase section */

/* Begin PBXGroup section */
		04653AE7E3095D525C1C746F /* Pods */ = {
			isa = PBXGroup;
			children = (
				F499A54C21F79F100020F53D /* Podfile */,
				BA2624BCBE7F5007D9A88663 /* Pods-100DaysofCode.debug.xcconfig */,
				895474FB6517F2F080E726AC /* Pods-100DaysofCode.release.xcconfig */,
			);
			name = Pods;
			sourceTree = "<group>";
		};
		F1008120893B556D9A055587 /* Frameworks */ = {
			isa = PBXGroup;
			children = (
				3015E71C234B04FCBD824797 /* Pods_100DaysofCode.framework */,
			);
			name = Frameworks;
			sourceTree = "<group>";
		};
		F479FDFE21F65152007A1E95 = {
			isa = PBXGroup;
			children = (
				F479FE0921F65153007A1E95 /* 100DaysofCode */,
				F479FE0821F65153007A1E95 /* Products */,
				04653AE7E3095D525C1C746F /* Pods */,
				F1008120893B556D9A055587 /* Frameworks */,
			);
			sourceTree = "<group>";
		};
		F479FE0821F65153007A1E95 /* Products */ = {
			isa = PBXGroup;
			children = (
				F479FE0721F65153007A1E95 /* 100DaysofCode.app */,
			);
			name = Products;
			sourceTree = "<group>";
		};
		F479FE0921F65153007A1E95 /* 100DaysofCode */ = {
			isa = PBXGroup;
			children = (
				F479FE1621F65155007A1E95 /* Info.plist */,
				F479FE1121F65155007A1E95 /* Assets.xcassets */,
				F479FE1E21F6D1AE007A1E95 /* Storyboards */,
				F479FE1D21F6D192007A1E95 /* Helpers */,
				F479FE1C21F6D179007A1E95 /* View Controllers */,
			);
			path = 100DaysofCode;
			sourceTree = "<group>";
		};
		F479FE1C21F6D179007A1E95 /* View Controllers */ = {
			isa = PBXGroup;
			children = (
				F479FE0C21F65153007A1E95 /* LoginViewController.swift */,
				F479FE2121F6D47B007A1E95 /* HomeViewController.swift */,
				F479FE2321F6D48C007A1E95 /* SettingsViewController.swift */,
				F479FE2721F6E83F007A1E95 /* LoginConfirmationViewController.swift */,
			);
			path = "View Controllers";
			sourceTree = "<group>";
		};
		F479FE1D21F6D192007A1E95 /* Helpers */ = {
			isa = PBXGroup;
			children = (
				F479FE0A21F65153007A1E95 /* AppDelegate.swift */,
				F479FE1F21F6D275007A1E95 /* NetworkingProvider.swift */,
			);
			path = Helpers;
			sourceTree = "<group>";
		};
		F479FE1E21F6D1AE007A1E95 /* Storyboards */ = {
			isa = PBXGroup;
			children = (
				F479FE0E21F65153007A1E95 /* Main.storyboard */,
				F479FE1321F65155007A1E95 /* LaunchScreen.storyboard */,
			);
			path = Storyboards;
			sourceTree = "<group>";
		};
/* End PBXGroup section */

/* Begin PBXNativeTarget section */
		F479FE0621F65153007A1E95 /* 100DaysofCode */ = {
			isa = PBXNativeTarget;
			buildConfigurationList = F479FE1921F65155007A1E95 /* Build configuration list for PBXNativeTarget "100DaysofCode" */;
			buildPhases = (
				FC1CC804E8C5FF7B3B3462A5 /* [CP] Check Pods Manifest.lock */,
				F479FE0321F65153007A1E95 /* Sources */,
				F479FE0421F65153007A1E95 /* Frameworks */,
				F479FE0521F65153007A1E95 /* Resources */,
				CDB0FE0ABCF6DA9A3821F311 /* [CP] Embed Pods Frameworks */,
			);
			buildRules = (
			);
			dependencies = (
			);
			name = 100DaysofCode;
			productName = 100DaysofCode;
			productReference = F479FE0721F65153007A1E95 /* 100DaysofCode.app */;
			productType = "com.apple.product-type.application";
		};
/* End PBXNativeTarget section */

/* Begin PBXProject section */
		F479FDFF21F65152007A1E95 /* Project object */ = {
			isa = PBXProject;
			attributes = {
				LastSwiftUpdateCheck = 1010;
				LastUpgradeCheck = 1010;
				ORGANIZATIONNAME = "Kadeem Palacios";
				TargetAttributes = {
					F479FE0621F65153007A1E95 = {
						CreatedOnToolsVersion = 10.1;
					};
				};
			};
			buildConfigurationList = F479FE0221F65152007A1E95 /* Build configuration list for PBXProject "100DaysofCode" */;
			compatibilityVersion = "Xcode 9.3";
			developmentRegion = en;
			hasScannedForEncodings = 0;
			knownRegions = (
				en,
				Base,
			);
			mainGroup = F479FDFE21F65152007A1E95;
			productRefGroup = F479FE0821F65153007A1E95 /* Products */;
			projectDirPath = "";
			projectRoot = "";
			targets = (
				F479FE0621F65153007A1E95 /* 100DaysofCode */,
			);
		};
/* End PBXProject section */

/* Begin PBXResourcesBuildPhase section */
		F479FE0521F65153007A1E95 /* Resources */ = {
			isa = PBXResourcesBuildPhase;
			buildActionMask = 2147483647;
			files = (
				F479FE1521F65155007A1E95 /* LaunchScreen.storyboard in Resources */,
				F479FE1221F65155007A1E95 /* Assets.xcassets in Resources */,
				F499A54D21F79F100020F53D /* Podfile in Resources */,
				F479FE1021F65153007A1E95 /* Main.storyboard in Resources */,
			);
			runOnlyForDeploymentPostprocessing = 0;
		};
/* End PBXResourcesBuildPhase section */

/* Begin PBXShellScriptBuildPhase section */
		CDB0FE0ABCF6DA9A3821F311 /* [CP] Embed Pods Frameworks */ = {
			isa = PBXShellScriptBuildPhase;
			buildActionMask = 2147483647;
			files = (
			);
			inputPaths = (
				"${SRCROOT}/Pods/Target Support Files/Pods-100DaysofCode/Pods-100DaysofCode-frameworks.sh",
				"${BUILT_PRODUCTS_DIR}/Alamofire/Alamofire.framework",
				"${BUILT_PRODUCTS_DIR}/AlamofireImage/AlamofireImage.framework",
				"${BUILT_PRODUCTS_DIR}/Kanna/Kanna.framework",
			);
			name = "[CP] Embed Pods Frameworks";
			outputPaths = (
				"${TARGET_BUILD_DIR}/${FRAMEWORKS_FOLDER_PATH}/Alamofire.framework",
				"${TARGET_BUILD_DIR}/${FRAMEWORKS_FOLDER_PATH}/AlamofireImage.framework",
				"${TARGET_BUILD_DIR}/${FRAMEWORKS_FOLDER_PATH}/Kanna.framework",
			);
			runOnlyForDeploymentPostprocessing = 0;
			shellPath = /bin/sh;
			shellScript = "\"${SRCROOT}/Pods/Target Support Files/Pods-100DaysofCode/Pods-100DaysofCode-frameworks.sh\"\n";
			showEnvVarsInLog = 0;
		};
		FC1CC804E8C5FF7B3B3462A5 /* [CP] Check Pods Manifest.lock */ = {
			isa = PBXShellScriptBuildPhase;
			buildActionMask = 2147483647;
			files = (
			);
			inputPaths = (
				"${PODS_PODFILE_DIR_PATH}/Podfile.lock",
				"${PODS_ROOT}/Manifest.lock",
			);
			name = "[CP] Check Pods Manifest.lock";
			outputPaths = (
				"$(DERIVED_FILE_DIR)/Pods-100DaysofCode-checkManifestLockResult.txt",
			);
			runOnlyForDeploymentPostprocessing = 0;
			shellPath = /bin/sh;
			shellScript = "diff \"${PODS_PODFILE_DIR_PATH}/Podfile.lock\" \"${PODS_ROOT}/Manifest.lock\" > /dev/null\nif [ $? != 0 ] ; then\n    # print error to STDERR\n    echo \"error: The sandbox is not in sync with the Podfile.lock. Run 'pod install' or update your CocoaPods installation.\" >&2\n    exit 1\nfi\n# This output is used by Xcode 'outputs' to avoid re-running this script phase.\necho \"SUCCESS\" > \"${SCRIPT_OUTPUT_FILE_0}\"\n";
			showEnvVarsInLog = 0;
		};
/* End PBXShellScriptBuildPhase section */

/* Begin PBXSourcesBuildPhase section */
		F479FE0321F65153007A1E95 /* Sources */ = {
			isa = PBXSourcesBuildPhase;
			buildActionMask = 2147483647;
			files = (
				F479FE0D21F65153007A1E95 /* LoginViewController.swift in Sources */,
				F479FE0B21F65153007A1E95 /* AppDelegate.swift in Sources */,
				F479FE2021F6D275007A1E95 /* NetworkingProvider.swift in Sources */,
				F479FE2421F6D48C007A1E95 /* SettingsViewController.swift in Sources */,
				F479FE2221F6D47B007A1E95 /* HomeViewController.swift in Sources */,
				F479FE2821F6E83F007A1E95 /* LoginConfirmationViewController.swift in Sources */,
			);
			runOnlyForDeploymentPostprocessing = 0;
		};
/* End PBXSourcesBuildPhase section */

/* Begin PBXVariantGroup section */
		F479FE0E21F65153007A1E95 /* Main.storyboard */ = {
			isa = PBXVariantGroup;
			children = (
				F479FE0F21F65153007A1E95 /* Base */,
			);
			name = Main.storyboard;
			sourceTree = "<group>";
		};
		F479FE1321F65155007A1E95 /* LaunchScreen.storyboard */ = {
			isa = PBXVariantGroup;
			children = (
				F479FE1421F65155007A1E95 /* Base */,
			);
			name = LaunchScreen.storyboard;
			sourceTree = "<group>";
		};
/* End PBXVariantGroup section */

/* Begin XCBuildConfiguration section */
		F479FE1721F65155007A1E95 /* Debug */ = {
			isa = XCBuildConfiguration;
			buildSettings = {
				ALWAYS_SEARCH_USER_PATHS = NO;
				CLANG_ANALYZER_NONNULL = YES;
				CLANG_ANALYZER_NUMBER_OBJECT_CONVERSION = YES_AGGRESSIVE;
				CLANG_CXX_LANGUAGE_STANDARD = "gnu++14";
				CLANG_CXX_LIBRARY = "libc++";
				CLANG_ENABLE_MODULES = YES;
				CLANG_ENABLE_OBJC_ARC = YES;
				CLANG_ENABLE_OBJC_WEAK = YES;
				CLANG_WARN_BLOCK_CAPTURE_AUTORELEASING = YES;
				CLANG_WARN_BOOL_CONVERSION = YES;
				CLANG_WARN_COMMA = YES;
				CLANG_WARN_CONSTANT_CONVERSION = YES;
				CLANG_WARN_DEPRECATED_OBJC_IMPLEMENTATIONS = YES;
				CLANG_WARN_DIRECT_OBJC_ISA_USAGE = YES_ERROR;
				CLANG_WARN_DOCUMENTATION_COMMENTS = YES;
				CLANG_WARN_EMPTY_BODY = YES;
				CLANG_WARN_ENUM_CONVERSION = YES;
				CLANG_WARN_INFINITE_RECURSION = YES;
				CLANG_WARN_INT_CONVERSION = YES;
				CLANG_WARN_NON_LITERAL_NULL_CONVERSION = YES;
				CLANG_WARN_OBJC_IMPLICIT_RETAIN_SELF = YES;
				CLANG_WARN_OBJC_LITERAL_CONVERSION = YES;
				CLANG_WARN_OBJC_ROOT_CLASS = YES_ERROR;
				CLANG_WARN_RANGE_LOOP_ANALYSIS = YES;
				CLANG_WARN_STRICT_PROTOTYPES = YES;
				CLANG_WARN_SUSPICIOUS_MOVE = YES;
				CLANG_WARN_UNGUARDED_AVAILABILITY = YES_AGGRESSIVE;
				CLANG_WARN_UNREACHABLE_CODE = YES;
				CLANG_WARN__DUPLICATE_METHOD_MATCH = YES;
				CODE_SIGN_IDENTITY = "iPhone Developer";
				COPY_PHASE_STRIP = NO;
				DEBUG_INFORMATION_FORMAT = dwarf;
				ENABLE_STRICT_OBJC_MSGSEND = YES;
				ENABLE_TESTABILITY = YES;
				GCC_C_LANGUAGE_STANDARD = gnu11;
				GCC_DYNAMIC_NO_PIC = NO;
				GCC_NO_COMMON_BLOCKS = YES;
				GCC_OPTIMIZATION_LEVEL = 0;
				GCC_PREPROCESSOR_DEFINITIONS = (
					"DEBUG=1",
					"$(inherited)",
				);
				GCC_WARN_64_TO_32_BIT_CONVERSION = YES;
				GCC_WARN_ABOUT_RETURN_TYPE = YES_ERROR;
				GCC_WARN_UNDECLARED_SELECTOR = YES;
				GCC_WARN_UNINITIALIZED_AUTOS = YES_AGGRESSIVE;
				GCC_WARN_UNUSED_FUNCTION = YES;
				GCC_WARN_UNUSED_VARIABLE = YES;
				IPHONEOS_DEPLOYMENT_TARGET = 12.1;
				MTL_ENABLE_DEBUG_INFO = INCLUDE_SOURCE;
				MTL_FAST_MATH = YES;
				ONLY_ACTIVE_ARCH = YES;
				SDKROOT = iphoneos;
				SWIFT_ACTIVE_COMPILATION_CONDITIONS = DEBUG;
				SWIFT_OPTIMIZATION_LEVEL = "-Onone";
			};
			name = Debug;
		};
		F479FE1821F65155007A1E95 /* Release */ = {
			isa = XCBuildConfiguration;
			buildSettings = {
				ALWAYS_SEARCH_USER_PATHS = NO;
				CLANG_ANALYZER_NONNULL = YES;
				CLANG_ANALYZER_NUMBER_OBJECT_CONVERSION = YES_AGGRESSIVE;
				CLANG_CXX_LANGUAGE_STANDARD = "gnu++14";
				CLANG_CXX_LIBRARY = "libc++";
				CLANG_ENABLE_MODULES = YES;
				CLANG_ENABLE_OBJC_ARC = YES;
				CLANG_ENABLE_OBJC_WEAK = YES;
				CLANG_WARN_BLOCK_CAPTURE_AUTORELEASING = YES;
				CLANG_WARN_BOOL_CONVERSION = YES;
				CLANG_WARN_COMMA = YES;
				CLANG_WARN_CONSTANT_CONVERSION = YES;
				CLANG_WARN_DEPRECATED_OBJC_IMPLEMENTATIONS = YES;
				CLANG_WARN_DIRECT_OBJC_ISA_USAGE = YES_ERROR;
				CLANG_WARN_DOCUMENTATION_COMMENTS = YES;
				CLANG_WARN_EMPTY_BODY = YES;
				CLANG_WARN_ENUM_CONVERSION = YES;
				CLANG_WARN_INFINITE_RECURSION = YES;
				CLANG_WARN_INT_CONVERSION = YES;
				CLANG_WARN_NON_LITERAL_NULL_CONVERSION = YES;
				CLANG_WARN_OBJC_IMPLICIT_RETAIN_SELF = YES;
				CLANG_WARN_OBJC_LITERAL_CONVERSION = YES;
				CLANG_WARN_OBJC_ROOT_CLASS = YES_ERROR;
				CLANG_WARN_RANGE_LOOP_ANALYSIS = YES;
				CLANG_WARN_STRICT_PROTOTYPES = YES;
				CLANG_WARN_SUSPICIOUS_MOVE = YES;
				CLANG_WARN_UNGUARDED_AVAILABILITY = YES_AGGRESSIVE;
				CLANG_WARN_UNREACHABLE_CODE = YES;
				CLANG_WARN__DUPLICATE_METHOD_MATCH = YES;
				CODE_SIGN_IDENTITY = "iPhone Developer";
				COPY_PHASE_STRIP = NO;
				DEBUG_INFORMATION_FORMAT = "dwarf-with-dsym";
				ENABLE_NS_ASSERTIONS = NO;
				ENABLE_STRICT_OBJC_MSGSEND = YES;
				GCC_C_LANGUAGE_STANDARD = gnu11;
				GCC_NO_COMMON_BLOCKS = YES;
				GCC_WARN_64_TO_32_BIT_CONVERSION = YES;
				GCC_WARN_ABOUT_RETURN_TYPE = YES_ERROR;
				GCC_WARN_UNDECLARED_SELECTOR = YES;
				GCC_WARN_UNINITIALIZED_AUTOS = YES_AGGRESSIVE;
				GCC_WARN_UNUSED_FUNCTION = YES;
				GCC_WARN_UNUSED_VARIABLE = YES;
				IPHONEOS_DEPLOYMENT_TARGET = 12.1;
				MTL_ENABLE_DEBUG_INFO = NO;
				MTL_FAST_MATH = YES;
				SDKROOT = iphoneos;
				SWIFT_COMPILATION_MODE = wholemodule;
				SWIFT_OPTIMIZATION_LEVEL = "-O";
				VALIDATE_PRODUCT = YES;
			};
			name = Release;
		};
		F479FE1A21F65155007A1E95 /* Debug */ = {
			isa = XCBuildConfiguration;
			baseConfigurationReference = BA2624BCBE7F5007D9A88663 /* Pods-100DaysofCode.debug.xcconfig */;
			buildSettings = {
				ASSETCATALOG_COMPILER_APPICON_NAME = AppIcon;
				CODE_SIGN_STYLE = Automatic;
				DEVELOPMENT_TEAM = 7G8EV52YPP;
				INFOPLIST_FILE = 100DaysofCode/Info.plist;
				LD_RUNPATH_SEARCH_PATHS = (
					"$(inherited)",
					"@executable_path/Frameworks",
				);
				PRODUCT_BUNDLE_IDENTIFIER = "com.palacios.-00DaysofCode";
				PRODUCT_NAME = "$(TARGET_NAME)";
				SWIFT_VERSION = 4.2;
				TARGETED_DEVICE_FAMILY = "1,2";
			};
			name = Debug;
		};
		F479FE1B21F65155007A1E95 /* Release */ = {
			isa = XCBuildConfiguration;
			baseConfigurationReference = 895474FB6517F2F080E726AC /* Pods-100DaysofCode.release.xcconfig */;
			buildSettings = {
				ASSETCATALOG_COMPILER_APPICON_NAME = AppIcon;
				CODE_SIGN_STYLE = Automatic;
				DEVELOPMENT_TEAM = 7G8EV52YPP;
				INFOPLIST_FILE = 100DaysofCode/Info.plist;
				LD_RUNPATH_SEARCH_PATHS = (
					"$(inherited)",
					"@executable_path/Frameworks",
				);
				PRODUCT_BUNDLE_IDENTIFIER = "com.palacios.-00DaysofCode";
				PRODUCT_NAME = "$(TARGET_NAME)";
				SWIFT_VERSION = 4.2;
				TARGETED_DEVICE_FAMILY = "1,2";
			};
			name = Release;
		};
/* End XCBuildConfiguration section */

/* Begin XCConfigurationList section */
		F479FE0221F65152007A1E95 /* Build configuration list for PBXProject "100DaysofCode" */ = {
			isa = XCConfigurationList;
			buildConfigurations = (
				F479FE1721F65155007A1E95 /* Debug */,
				F479FE1821F65155007A1E95 /* Release */,
			);
			defaultConfigurationIsVisible = 0;
			defaultConfigurationName = Release;
		};
		F479FE1921F65155007A1E95 /* Build configuration list for PBXNativeTarget "100DaysofCode" */ = {
			isa = XCConfigurationList;
			buildConfigurations = (
				F479FE1A21F65155007A1E95 /* Debug */,
				F479FE1B21F65155007A1E95 /* Release */,
			);
			defaultConfigurationIsVisible = 0;
			defaultConfigurationName = Release;
		};
/* End XCConfigurationList section */
	};
	rootObject = F479FDFF21F65152007A1E95 /* Project object */;
}
